
Microsoft Visual Studio Solution File, Format Version 12.00
# Visual Studio Version 17
VisualStudioVersion = 17.14.36121.58 d17.14
MinimumVisualStudioVersion = 10.0.40219.1
Project("{FAE04EC0-301F-11D3-BF4B-00C04F79EFBC}") = "Tournament.Api", "Tournament.Api\Tournament.Api.csproj", "{585186D9-4E05-4E5D-BA27-A66AD2B5077D}"
EndProject
Project("{FAE04EC0-301F-11D3-BF4B-00C04F79EFBC}") = "Tournament.Core", "Tournament.Core\Tournament.Core.csproj", "{BBAAE0EA-B0B1-4C1F-9B86-BA769919BCF2}"
EndProject
Project("{FAE04EC0-301F-11D3-BF4B-00C04F79EFBC}") = "Tournament.Data", "Tournament.Data\Tournament.Data.csproj", "{3BA1412F-ED4F-4896-B339-A40B4C5AD829}"
EndProject
Global
	GlobalSection(SolutionConfigurationPlatforms) = preSolution
		Debug|Any CPU = Debug|Any CPU
		Release|Any CPU = Release|Any CPU
	EndGlobalSection
	GlobalSection(ProjectConfigurationPlatforms) = postSolution
		{585186D9-4E05-4E5D-BA27-A66AD2B5077D}.Debug|Any CPU.ActiveCfg = Debug|Any CPU
		{585186D9-4E05-4E5D-BA27-A66AD2B5077D}.Debug|Any CPU.Build.0 = Debug|Any CPU
		{585186D9-4E05-4E5D-BA27-A66AD2B5077D}.Release|Any CPU.ActiveCfg = Release|Any CPU
		{585186D9-4E05-4E5D-BA27-A66AD2B5077D}.Release|Any CPU.Build.0 = Release|Any CPU
		{BBAAE0EA-B0B1-4C1F-9B86-BA769919BCF2}.Debug|Any CPU.ActiveCfg = Debug|Any CPU
		{BBAAE0EA-B0B1-4C1F-9B86-BA769919BCF2}.Debug|Any CPU.Build.0 = Debug|Any CPU
		{BBAAE0EA-B0B1-4C1F-9B86-BA769919BCF2}.Release|Any CPU.ActiveCfg = Release|Any CPU
		{BBAAE0EA-B0B1-4C1F-9B86-BA769919BCF2}.Release|Any CPU.Build.0 = Release|Any CPU
		{3BA1412F-ED4F-4896-B339-A40B4C5AD829}.Debug|Any CPU.ActiveCfg = Debug|Any CPU
		{3BA1412F-ED4F-4896-B339-A40B4C5AD829}.Debug|Any CPU.Build.0 = Debug|Any CPU
		{3BA1412F-ED4F-4896-B339-A40B4C5AD829}.Release|Any CPU.ActiveCfg = Release|Any CPU
		{3BA1412F-ED4F-4896-B339-A40B4C5AD829}.Release|Any CPU.Build.0 = Release|Any CPU
	EndGlobalSection
	GlobalSection(SolutionProperties) = preSolution
		HideSolutionNode = FALSE
	EndGlobalSection
	GlobalSection(ExtensibilityGlobals) = postSolution
		SolutionGuid = {BF2D020D-A085-46DA-B2D6-F1CCACE9760D}
	EndGlobalSection
EndGlobal
